<?xml version="1.0" encoding="utf-8"?>
<Project ToolsVersion="4.0" xmlns="http://schemas.microsoft.com/developer/msbuild/2003">
  <ItemGroup>
    <Filter Include="源文件">
      <UniqueIdentifier>{4FC737F1-C7A5-4376-A066-2A32D752A2FF}</UniqueIdentifier>
      <Extensions>cpp;c;cc;cxx;c++;cppm;ixx;def;odl;idl;hpj;bat;asm;asmx</Extensions>
    </Filter>
    <Filter Include="头文件">
      <UniqueIdentifier>{93995380-89BD-4b04-88EB-625FBE52EBFB}</UniqueIdentifier>
      <Extensions>h;hh;hpp;hxx;h++;hm;inl;inc;ipp;xsd</Extensions>
    </Filter>
    <Filter Include="资源文件">
      <UniqueIdentifier>{67DA6AB6-F800-4c08-8B7A-83BB121AAD01}</UniqueIdentifier>
      <Extensions>rc;ico;cur;bmp;dlg;rc2;rct;bin;rgs;gif;jpg;jpeg;jpe;resx;tiff;tif;png;wav;mfcribbon-ms</Extensions>
    </Filter>
  </ItemGroup>
  <ItemGroup>
    <ClInclude Include="ConvertHelper.h">
      <Filter>头文件</Filter>
    </ClInclude>
    <ClInclude Include="Device_MEM32.h">
      <Filter>头文件</Filter>
    </ClInclude>
    <ClInclude Include="XillyFile.h">
      <Filter>头文件</Filter>
    </ClInclude>
    <ClInclude Include="NVMe_Write.h">
      <Filter>头文件</Filter>
    </ClInclude>
    <ClInclude Include="Device_Address.h">
      <Filter>头文件</Filter>
    </ClInclude>
    <ClInclude Include="PCIEDriverCLI.h">
      <Filter>头文件</Filter>
    </ClInclude>
    <ClInclude Include="DAC_Api.h">
      <Filter>头文件</Filter>
    </ClInclude>
    <ClInclude Include="ADC_Api.h">
      <Filter>头文件</Filter>
    </ClInclude>
    <ClInclude Include="api_def.h">
      <Filter>头文件</Filter>
    </ClInclude>
    <ClInclude Include="no_os.h">
      <Filter>头文件</Filter>
    </ClInclude>
    <ClInclude Include="jesd204_api.h">
      <Filter>头文件</Filter>
    </ClInclude>
    <ClInclude Include="Logic_Api.h">
      <Filter>头文件</Filter>
    </ClInclude>
    <ClInclude Include="Si5386A_819d2M_10M.h">
      <Filter>头文件</Filter>
    </ClInclude>
    <ClInclude Include="Si5386A_1d2288G_100M.h">
      <Filter>头文件</Filter>
    </ClInclude>
    <ClInclude Include="Si5386A_1d2288G_10M.h">
      <Filter>头文件</Filter>
    </ClInclude>
    <ClInclude Include="Device_Data.h">
      <Filter>头文件</Filter>
    </ClInclude>
    <ClInclude Include="RF12.h">
      <Filter>头文件</Filter>
    </ClInclude>
    <ClInclude Include="SweepLogic.h">
      <Filter>头文件</Filter>
    </ClInclude>
    <ClInclude Include="RFControl.h">
      <Filter>头文件</Filter>
    </ClInclude>
    <ClInclude Include="HLJS386_HL.h">
      <Filter>头文件</Filter>
    </ClInclude>
    <ClInclude Include="PDW_Config.h">
      <Filter>头文件</Filter>
    </ClInclude>
    <ClInclude Include="PlayBack.h">
      <Filter>头文件</Filter>
    </ClInclude>
    <ClInclude Include="CM18_500M.h">
      <Filter>头文件</Filter>
    </ClInclude>
    <ClInclude Include="RPU44.h">
      <Filter>头文件</Filter>
    </ClInclude>
    <ClInclude Include="pch.h">
      <Filter>头文件</Filter>
    </ClInclude>
    <ClInclude Include="Global.h">
      <Filter>头文件</Filter>
    </ClInclude>
    <ClInclude Include="MultiIQ.h">
      <Filter>头文件</Filter>
    </ClInclude>
    <ClInclude Include="DataHolder.h">
      <Filter>头文件</Filter>
    </ClInclude>
    <ClInclude Include="CommonManager.h">
      <Filter>头文件</Filter>
    </ClInclude>
    <ClInclude Include="ADCConfig.h">
      <Filter>头文件</Filter>
    </ClInclude>
    <ClInclude Include="DACConfig.h">
      <Filter>头文件</Filter>
    </ClInclude>
    <ClInclude Include="PCIE_SweepData.h">
      <Filter>头文件</Filter>
    </ClInclude>
    <ClInclude Include="MultiCLI.h">
      <Filter>头文件</Filter>
    </ClInclude>
    <ClInclude Include="HLJS386_LL.h">
      <Filter>头文件</Filter>
    </ClInclude>
    <ClInclude Include="Sweep.h">
      <Filter>头文件</Filter>
    </ClInclude>
    <ClInclude Include="SpectrumSweep.h">
      <Filter>头文件</Filter>
    </ClInclude>
    <ClInclude Include="SpectrumSweepFft.h">
      <Filter>头文件</Filter>
    </ClInclude>
    <ClInclude Include="PCIE_InterruptFIFO.h">
      <Filter>头文件</Filter>
    </ClInclude>
    <ClInclude Include="MultiChannel.h">
      <Filter>头文件</Filter>
    </ClInclude>
    <ClInclude Include="resource2.h">
      <Filter>头文件</Filter>
    </ClInclude>
    <ClInclude Include="CommonCLI.h">
      <Filter>头文件</Filter>
    </ClInclude>
    <ClInclude Include="Pscan.h">
      <Filter>头文件</Filter>
    </ClInclude>
    <ClInclude Include="PscanDefs.h">
      <Filter>头文件</Filter>
    </ClInclude>
    <ClInclude Include="PscanOrder.h">
      <Filter>头文件</Filter>
    </ClInclude>
    <ClInclude Include="IPscanDataSink.h">
      <Filter>头文件</Filter>
    </ClInclude>
    <ClInclude Include="IPscanDataSource.h">
      <Filter>头文件</Filter>
    </ClInclude>
    <ClInclude Include="PscanApi.h">
      <Filter>头文件</Filter>
    </ClInclude>
    <ClInclude Include="FfmApi.h"><Filter>头文件</Filter></ClInclude>
    <ClInclude Include="FfmConfigurator.h"><Filter>头文件</Filter></ClInclude>
    <ClInclude Include="FfmController.h"><Filter>头文件</Filter></ClInclude>
    <ClInclude Include="FfmDataSource.h"><Filter>头文件</Filter></ClInclude>
    <ClInclude Include="FfmDefs.h"><Filter>头文件</Filter></ClInclude>
    <ClInclude Include="FfmHardwareProfile.h"><Filter>头文件</Filter></ClInclude>
    <ClInclude Include="FfmSpectrumProcessor.h"><Filter>头文件</Filter></ClInclude>
  </ItemGroup>
  <ItemGroup>
    <ClCompile Include="ConvertHelper.cpp">
      <Filter>源文件</Filter>
    </ClCompile>
    <ClCompile Include="Device_MEM32.cpp">
      <Filter>源文件</Filter>
    </ClCompile>
    <ClCompile Include="XillyFile.cpp">
      <Filter>源文件</Filter>
    </ClCompile>
    <ClCompile Include="Device_Address.cpp">
      <Filter>源文件</Filter>
    </ClCompile>
    <ClCompile Include="NVMe_Write.cpp">
      <Filter>源文件</Filter>
    </ClCompile>
    <ClCompile Include="PCIEDriverCLI.cpp">
      <Filter>源文件</Filter>
    </ClCompile>
    <ClCompile Include="DAC_Api.cpp">
      <Filter>源文件</Filter>
    </ClCompile>
    <ClCompile Include="ADC_Api.cpp">
      <Filter>源文件</Filter>
    </ClCompile>
    <ClCompile Include="no_os.cpp">
      <Filter>源文件</Filter>
    </ClCompile>
    <ClCompile Include="xilinx_delay.cpp">
      <Filter>源文件</Filter>
    </ClCompile>
    <ClCompile Include="jesd204_api.cpp">
      <Filter>源文件</Filter>
    </ClCompile>
    <ClCompile Include="Logic_Api.cpp">
      <Filter>源文件</Filter>
    </ClCompile>
    <ClCompile Include="Device_Data.cpp">
      <Filter>源文件</Filter>
    </ClCompile>
    <ClCompile Include="RF12.cpp">
      <Filter>源文件</Filter>
    </ClCompile>
    <ClCompile Include="SweepLogic.cpp">
      <Filter>源文件</Filter>
    </ClCompile>
    <ClCompile Include="RFControl.cpp">
      <Filter>源文件</Filter>
    </ClCompile>
    <ClCompile Include="HLJS386_HL.cpp">
      <Filter>源文件</Filter>
    </ClCompile>
    <ClCompile Include="PDW_Config.cpp">
      <Filter>源文件</Filter>
    </ClCompile>
    <ClCompile Include="PlayBack.cpp">
      <Filter>源文件</Filter>
    </ClCompile>
    <ClCompile Include="CM18_500M.cpp">
      <Filter>源文件</Filter>
    </ClCompile>
    <ClCompile Include="RPU44.cpp">
      <Filter>源文件</Filter>
    </ClCompile>
    <ClCompile Include="pch.cpp">
      <Filter>源文件</Filter>
    </ClCompile>
    <ClCompile Include="MultiIQ.cpp">
      <Filter>源文件</Filter>
    </ClCompile>
    <ClCompile Include="Global.cpp">
      <Filter>源文件</Filter>
    </ClCompile>
    <ClCompile Include="DataHolder.cpp">
      <Filter>源文件</Filter>
    </ClCompile>
    <ClCompile Include="CommonManager.cpp">
      <Filter>源文件</Filter>
    </ClCompile>
    <ClCompile Include="ADCConfig.cpp">
      <Filter>源文件</Filter>
    </ClCompile>
    <ClCompile Include="DACConfig.cpp">
      <Filter>源文件</Filter>
    </ClCompile>
    <ClCompile Include="MultiCLI.cpp">
      <Filter>源文件</Filter>
    </ClCompile>
    <ClCompile Include="HLJS386_LL.cpp">
      <Filter>源文件</Filter>
    </ClCompile>
    <ClCompile Include="Sweep.cpp">
      <Filter>源文件</Filter>
    </ClCompile>
    <ClCompile Include="SpectrumSweep.cpp">
      <Filter>源文件</Filter>
    </ClCompile>
    <ClCompile Include="SpectrumSweepFft.cpp">
      <Filter>源文件</Filter>
    </ClCompile>
    <ClCompile Include="PCIE_InterruptFIFO.cpp">
      <Filter>源文件</Filter>
    </ClCompile>
    <ClCompile Include="MultiChannel.cpp">
      <Filter>源文件</Filter>
    </ClCompile>
    <ClCompile Include="CommonCLI.cpp">
      <Filter>源文件</Filter>
    </ClCompile>
    <ClCompile Include="Pscan.cpp">
      <Filter>源文件</Filter>
    </ClCompile>
    <ClCompile Include="PscanOrder.cpp">
      <Filter>源文件</Filter>
    </ClCompile>
    <ClCompile Include="PscanDataSource.cpp">
      <Filter>源文件</Filter>
    </ClCompile>
    <ClCompile Include="PscanApi.cpp">
      <Filter>源文件</Filter>
    </ClCompile>
    <ClCompile Include="FfmApi.cpp"><Filter>源文件</Filter></ClCompile>
    <ClCompile Include="FfmConfigurator.cpp"><Filter>源文件</Filter></ClCompile>
    <ClCompile Include="FfmController.cpp"><Filter>源文件</Filter></ClCompile>
    <ClCompile Include="FfmDataSource.cpp"><Filter>源文件</Filter></ClCompile>
    <ClCompile Include="FfmHardwareProfile.cpp"><Filter>源文件</Filter></ClCompile>
    <ClCompile Include="FfmSpectrumProcessor.cpp"><Filter>源文件</Filter></ClCompile>
    <ClCompile Include="FfmSmokeTest.cpp"><Filter>源文件</Filter></ClCompile>
    <ClCompile Include="mian.cpp">
      <Filter>源文件</Filter>
    </ClCompile>
    <ClCompile Include="A.cpp">
      <Filter>源文件</Filter>
    </ClCompile>
  </ItemGroup>
  <ItemGroup>
    <None Include="packages.config" />
  </ItemGroup>
  <ItemGroup>
    <ResourceCompile Include="BSPDriver1.rc">
      <Filter>资源文件</Filter>
    </ResourceCompile>
  </ItemGroup>
  <ItemGroup>
    <Text Include="..\TransComRealTime.Infrastructure\FilterFactor\MultiDecim1.txt" />
    <Text Include="..\TransComRealTime.Infrastructure\FilterFactor\MultiDecim2.txt" />
    <Text Include="..\TransComRealTime.Infrastructure\FilterFactor\MultiDecim4.txt" />
    <Text Include="..\TransComRealTime.Infrastructure\FilterFactor\MultiDecim8.txt" />
  </ItemGroup>
</Project>
